// !$*UTF8*$!
{
	archiveVersion = 1;
	classes = {
	};
	objectVersion = 51;
	objects = {

/* Begin PBXBuildFile section */
		8A8DD41CAD5BEFB229315B2D /* Pods_CoreDataSwift.framework in Frameworks */ = {isa = PBXBuildFile; fileRef = 1CD75B24DA7320B56BFD5CC0 /* Pods_CoreDataSwift.framework */; };
		BB379D41249BAF57008A50BA /* AppDelegate.swift in Sources */ = {isa = PBXBuildFile; fileRef = BB379D40249BAF57008A50BA /* AppDelegate.swift */; };
		BB379D43249BAF57008A50BA /* ViewController.swift in Sources */ = {isa = PBXBuildFile; fileRef = BB379D42249BAF57008A50BA /* ViewController.swift */; };
		BB379D46249BAF57008A50BA /* Main.storyboard in Resources */ = {isa = PBXBuildFile; fileRef = BB379D44249BAF57008A50BA /* Main.storyboard */; };
		BB379D49249BAF57008A50BA /* CoreDataSwift.xcdatamodeld in Sources */ = {isa = PBXBuildFile; fileRef = BB379D47249BAF57008A50BA /* CoreDataSwift.xcdatamodeld */; };
		BB379D4B249BAF58008A50BA /* Assets.xcassets in Resources */ = {isa = PBXBuildFile; fileRef = BB379D4A249BAF58008A50BA /* Assets.xcassets */; };
		BB379D4E249BAF58008A50BA /* LaunchScreen.storyboard in Resources */ = {isa = PBXBuildFile; fileRef = BB379D4C249BAF58008A50BA /* LaunchScreen.storyboard */; };
		BB379D57249BB39A008A50BA /* AlbumCell.swift in Sources */ = {isa = PBXBuildFile; fileRef = BB379D56249BB39A008A50BA /* AlbumCell.swift */; };
		BB379D5B249BB6E7008A50BA /* SwiftHeader.swift in Sources */ = {isa = PBXBuildFile; fileRef = BB379D5A249BB6E7008A50BA /* SwiftHeader.swift */; };
		BB379D5F249BDF63008A50BA /* Album.swift in Sources */ = {isa = PBXBuildFile; fileRef = BB379D5E249BDF63008A50BA /* Album.swift */; };
/* End PBXBuildFile section */

/* Begin PBXFileReference section */
		1CD75B24DA7320B56BFD5CC0 /* Pods_CoreDataSwift.framework */ = {isa = PBXFileReference; explicitFileType = wrapper.framework; includeInIndex = 0; path = Pods_CoreDataSwift.framework; sourceTree = BUILT_PRODUCTS_DIR; };
		BB379D3D249BAF57008A50BA /* CoreDataSwift.app */ = {isa = PBXFileReference; explicitFileType = wrapper.application; includeInIndex = 0; path = CoreDataSwift.app; sourceTree = BUILT_PRODUCTS_DIR; };
		BB379D40249BAF57008A50BA /* AppDelegate.swift */ = {isa = PBXFileReference; lastKnownFileType = sourcecode.swift; path = AppDelegate.swift; sourceTree = "<group>"; };
		BB379D42249BAF57008A50BA /* ViewController.swift */ = {isa = PBXFileReference; lastKnownFileType = sourcecode.swift; path = ViewController.swift; sourceTree = "<group>"; };
		BB379D45249BAF57008A50BA /* Base */ = {isa = PBXFileReference; lastKnownFileType = file.storyboard; name = Base; path = Base.lproj/Main.storyboard; sourceTree = "<group>"; };
		BB379D48249BAF57008A50BA /* CoreDataSwift.xcdatamodel */ = {isa = PBXFileReference; lastKnownFileType = wrapper.xcdatamodel; path = CoreDataSwift.xcdatamodel; sourceTree = "<group>"; };
		BB379D4A249BAF58008A50BA /* Assets.xcassets */ = {isa = PBXFileReference; lastKnownFileType = folder.assetcatalog; path = Assets.xcassets; sourceTree = "<group>"; };
		BB379D4D249BAF58008A50BA /* Base */ = {isa = PBXFileReference; lastKnownFileType = file.storyboard; name = Base; path = Base.lproj/LaunchScreen.storyboard; sourceTree = "<group>"; };
		BB379D4F249BAF58008A50BA /* Info.plist */ = {isa = PBXFileReference; lastKnownFileType = text.plist.xml; path = Info.plist; sourceTree = "<group>"; };
		BB379D56249BB39A008A50BA /* AlbumCell.swift */ = {isa = PBXFileReference; lastKnownFileType = sourcecode.swift; path = AlbumCell.swift; sourceTree = "<group>"; };
		BB379D5A249BB6E7008A50BA /* SwiftHeader.swift */ = {isa = PBXFileReference; lastKnownFileType = sourcecode.swift; path = SwiftHeader.swift; sourceTree = "<group>"; };
		BB379D5E249BDF63008A50BA /* Album.swift */ = {isa = PBXFileReference; lastKnownFileType = sourcecode.swift; path = Album.swift; sourceTree = "<group>"; };
		C2179D6EA85FE06EFE9CCCB6 /* Pods-CoreDataSwift.debug.xcconfig */ = {isa = PBXFileReference; includeInIndex = 1; lastKnownFileType = text.xcconfig; name = "Pods-CoreDataSwift.debug.xcconfig"; path = "Target Support Files/Pods-CoreDataSwift/Pods-CoreDataSwift.debug.xcconfig"; sourceTree = "<group>"; };
		E5FC8093070A4946EC0F136F /* Pods-CoreDataSwift.release.xcconfig */ = {isa = PBXFileReference; includeInIndex = 1; lastKnownFileType = text.xcconfig; name = "Pods-CoreDataSwift.release.xcconfig"; path = "Target Support Files/Pods-CoreDataSwift/Pods-CoreDataSwift.release.xcconfig"; sourceTree = "<group>"; };
/* End PBXFileReference section */

/* Begin PBXFrameworksBuildPhase section */
		BB379D3A249BAF57008A50BA /* Frameworks */ = {
			isa = PBXFrameworksBuildPhase;
			buildActionMask = 2147483647;
			files = (
				8A8DD41CAD5BEFB229315B2D /* Pods_CoreDataSwift.framework in Frameworks */,
			);
			runOnlyForDeploymentPostprocessing = 0;
		};
/* End PBXFrameworksBuildPhase section */

/* Begin PBXGroup section */
		2434D4A9F3D3FD64F6762B4D /* Frameworks */ = {
			isa = PBXGroup;
			children = (
				1CD75B24DA7320B56BFD5CC0 /* Pods_CoreDataSwift.framework */,
			);
			name = Frameworks;
			sourceTree = "<group>";
		};
		4AD31B83E9853455F0BA9F89 /* Pods */ = {
			isa = PBXGroup;
			children = (
				C2179D6EA85FE06EFE9CCCB6 /* Pods-CoreDataSwift.debug.xcconfig */,
				E5FC8093070A4946EC0F136F /* Pods-CoreDataSwift.release.xcconfig */,
			);
			path = Pods;
			sourceTree = "<group>";
		};
		BB379D34249BAF57008A50BA = {
			isa = PBXGroup;
			children = (
				BB379D3F249BAF57008A50BA /* CoreDataSwift */,
				BB379D3E249BAF57008A50BA /* Products */,
				4AD31B83E9853455F0BA9F89 /* Pods */,
				2434D4A9F3D3FD64F6762B4D /* Frameworks */,
			);
			sourceTree = "<group>";
		};
		BB379D3E249BAF57008A50BA /* Products */ = {
			isa = PBXGroup;
			children = (
				BB379D3D249BAF57008A50BA /* CoreDataSwift.app */,
			);
			name = Products;
			sourceTree = "<group>";
		};
		BB379D3F249BAF57008A50BA /* CoreDataSwift */ = {
			isa = PBXGroup;
			children = (
				BB379D59249BB6D9008A50BA /* Constants */,
				BB379D5D249BDF41008A50BA /* AlbumClass */,
				BB379D63249BE0F2008A50BA /* AppDelegate */,
				BB379D64249BE109008A50BA /* ViewController */,
				BB379D44249BAF57008A50BA /* Main.storyboard */,
				BB379D4A249BAF58008A50BA /* Assets.xcassets */,
				BB379D4C249BAF58008A50BA /* LaunchScreen.storyboard */,
				BB379D4F249BAF58008A50BA /* Info.plist */,
				BB379D47249BAF57008A50BA /* CoreDataSwift.xcdatamodeld */,
			);
			path = CoreDataSwift;
			sourceTree = "<group>";
		};
		BB379D55249BB381008A50BA /* Cell */ = {
			isa = PBXGroup;
			children = (
				BB379D56249BB39A008A50BA /* AlbumCell.swift */,
			);
			path = Cell;
			sourceTree = "<group>";
		};
		BB379D59249BB6D9008A50BA /* Constants */ = {
			isa = PBXGroup;
			children = (
				BB379D5A249BB6E7008A50BA /* SwiftHeader.swift */,
			);
			path = Constants;
			sourceTree = "<group>";
		};
		BB379D5D249BDF41008A50BA /* AlbumClass */ = {
			isa = PBXGroup;
			children = (
				BB379D5E249BDF63008A50BA /* Album.swift */,
			);
			path = AlbumClass;
			sourceTree = "<group>";
		};
		BB379D63249BE0F2008A50BA /* AppDelegate */ = {
			isa = PBXGroup;
			children = (
				BB379D40249BAF57008A50BA /* AppDelegate.swift */,
			);
			path = AppDelegate;
			sourceTree = "<group>";
		};
		BB379D64249BE109008A50BA /* ViewController */ = {
			isa = PBXGroup;
			children = (
				BB379D55249BB381008A50BA /* Cell */,
				BB379D42249BAF57008A50BA /* ViewController.swift */,
			);
			path = ViewController;
			sourceTree = "<group>";
		};
/* End PBXGroup section */

/* Begin PBXNativeTarget section */
		BB379D3C249BAF57008A50BA /* CoreDataSwift */ = {
			isa = PBXNativeTarget;
			buildConfigurationList = BB379D52249BAF58008A50BA /* Build configuration list for PBXNativeTarget "CoreDataSwift" */;
			buildPhases = (
				D7EF1B8B8224123764E6BE75 /* [CP] Check Pods Manifest.lock */,
				BB379D39249BAF57008A50BA /* Sources */,
				BB379D3A249BAF57008A50BA /* Frameworks */,
				BB379D3B249BAF57008A50BA /* Resources */,
				736319F79E1DC06955670570 /* [CP] Embed Pods Frameworks */,
			);
			buildRules = (
			);
			dependencies = (
			);
			name = CoreDataSwift;
			productName = CoreDataSwift;
			productReference = BB379D3D249BAF57008A50BA /* CoreDataSwift.app */;
			productType = "com.apple.product-type.application";
		};
/* End PBXNativeTarget section */

/* Begin PBXProject section */
		BB379D35249BAF57008A50BA /* Project object */ = {
			isa = PBXProject;
			attributes = {
				LastSwiftUpdateCheck = 1020;
				LastUpgradeCheck = 1020;
				ORGANIZATIONNAME = josh.chen;
				TargetAttributes = {
					BB379D3C249BAF57008A50BA = {
						CreatedOnToolsVersion = 10.2.1;
					};
				};
			};
			buildConfigurationList = BB379D38249BAF57008A50BA /* Build configuration list for PBXProject "CoreDataSwift" */;
			compatibilityVersion = "Xcode 9.3";
			developmentRegion = en;
			hasScannedForEncodings = 0;
			knownRegions = (
				en,
				Base,
			);
			mainGroup = BB379D34249BAF57008A50BA;
			productRefGroup = BB379D3E249BAF57008A50BA /* Products */;
			projectDirPath = "";
			projectRoot = "";
			targets = (
				BB379D3C249BAF57008A50BA /* CoreDataSwift */,
			);
		};
/* End PBXProject section */

/* Begin PBXResourcesBuildPhase section */
		BB379D3B249BAF57008A50BA /* Resources */ = {
			isa = PBXResourcesBuildPhase;
			buildActionMask = 2147483647;
			files = (
				BB379D4E249BAF58008A50BA /* LaunchScreen.storyboard in Resources */,
				BB379D4B249BAF58008A50BA /* Assets.xcassets in Resources */,
				BB379D46249BAF57008A50BA /* Main.storyboard in Resources */,
			);
			runOnlyForDeploymentPostprocessing = 0;
		};
/* End PBXResourcesBuildPhase section */

/* Begin PBXShellScriptBuildPhase section */
		736319F79E1DC06955670570 /* [CP] Embed Pods Frameworks */ = {
			isa = PBXShellScriptBuildPhase;
			buildActionMask = 2147483647;
			files = (
			);
			inputFileListPaths = (
				"${PODS_ROOT}/Target Support Files/Pods-CoreDataSwift/Pods-CoreDataSwift-frameworks-${CONFIGURATION}-input-files.xcfilelist",
			);
			name = "[CP] Embed Pods Frameworks";
			outputFileListPaths = (
				"${PODS_ROOT}/Target Support Files/Pods-CoreDataSwift/Pods-CoreDataSwift-frameworks-${CONFIGURATION}-output-files.xcfilelist",
			);
			runOnlyForDeploymentPostprocessing = 0;
			shellPath = /bin/sh;
			shellScript = "\"${PODS_ROOT}/Target Support Files/Pods-CoreDataSwift/Pods-CoreDataSwift-frameworks.sh\"\n";
			showEnvVarsInLog = 0;
		};
		D7EF1B8B8224123764E6BE75 /* [CP] Check Pods Manifest.lock */ = {
			isa = PBXShellScriptBuildPhase;
			buildActionMask = 2147483647;
			files = (
			);
			inputFileListPaths = (
			);
			inputPaths = (
				"${PODS_PODFILE_DIR_PATH}/Podfile.lock",
				"${PODS_ROOT}/Manifest.lock",
			);
			name = "[CP] Check Pods Manifest.lock";
			outputFileListPaths = (
			);
			outputPaths = (
				"$(DERIVED_FILE_DIR)/Pods-CoreDataSwift-checkManifestLockResult.txt",
			);
			runOnlyForDeploymentPostprocessing = 0;
			shellPath = /bin/sh;
			shellScript = "diff \"${PODS_PODFILE_DIR_PATH}/Podfile.lock\" \"${PODS_ROOT}/Manifest.lock\" > /dev/null\nif [ $? != 0 ] ; then\n    # print error to STDERR\n    echo \"error: The sandbox is not in sync with the Podfile.lock. Run 'pod install' or update your CocoaPods installation.\" >&2\n    exit 1\nfi\n# This output is used by Xcode 'outputs' to avoid re-running this script phase.\necho \"SUCCESS\" > \"${SCRIPT_OUTPUT_FILE_0}\"\n";
			showEnvVarsInLog = 0;
		};
/* End PBXShellScriptBuildPhase section */

/* Begin PBXSourcesBuildPhase section */
		BB379D39249BAF57008A50BA /* Sources */ = {
			isa = PBXSourcesBuildPhase;
			buildActionMask = 2147483647;
			files = (
				BB379D43249BAF57008A50BA /* ViewController.swift in Sources */,
				BB379D41249BAF57008A50BA /* AppDelegate.swift in Sources */,
				BB379D5B249BB6E7008A50BA /* SwiftHeader.swift in Sources */,
				BB379D49249BAF57008A50BA /* CoreDataSwift.xcdatamodeld in Sources */,
				BB379D57249BB39A008A50BA /* AlbumCell.swift in Sources */,
				BB379D5F249BDF63008A50BA /* Album.swift in Sources */,
			);
			runOnlyForDeploymentPostprocessing = 0;
		};
/* End PBXSourcesBuildPhase section */

/* Begin PBXVariantGroup section */
		BB379D44249BAF57008A50BA /* Main.storyboard */ = {
			isa = PBXVariantGroup;
			children = (
				BB379D45249BAF57008A50BA /* Base */,
			);
			name = Main.storyboard;
			sourceTree = "<group>";
		};
		BB379D4C249BAF58008A50BA /* LaunchScreen.storyboard */ = {
			isa = PBXVariantGroup;
			children = (
				BB379D4D249BAF58008A50BA /* Base */,
			);
			name = LaunchScreen.storyboard;
			sourceTree = "<group>";
		};
/* End PBXVariantGroup section */

/* Begin XCBuildConfiguration section */
		BB379D50249BAF58008A50BA /* Debug */ = {
			isa = XCBuildConfiguration;
			buildSettings = {
				ALWAYS_SEARCH_USER_PATHS = NO;
				CLANG_ANALYZER_NONNULL = YES;
				CLANG_ANALYZER_NUMBER_OBJECT_CONVERSION = YES_AGGRESSIVE;
				CLANG_CXX_LANGUAGE_STANDARD = "gnu++14";
				CLANG_CXX_LIBRARY = "libc++";
				CLANG_ENABLE_MODULES = YES;
				CLANG_ENABLE_OBJC_ARC = YES;
				CLANG_ENABLE_OBJC_WEAK = YES;
				CLANG_WARN_BLOCK_CAPTURE_AUTORELEASING = YES;
				CLANG_WARN_BOOL_CONVERSION = YES;
				CLANG_WARN_COMMA = YES;
				CLANG_WARN_CONSTANT_CONVERSION = YES;
				CLANG_WARN_DEPRECATED_OBJC_IMPLEMENTATIONS = YES;
				CLANG_WARN_DIRECT_OBJC_ISA_USAGE = YES_ERROR;
				CLANG_WARN_DOCUMENTATION_COMMENTS = YES;
				CLANG_WARN_EMPTY_BODY = YES;
				CLANG_WARN_ENUM_CONVERSION = YES;
				CLANG_WARN_INFINITE_RECURSION = YES;
				CLANG_WARN_INT_CONVERSION = YES;
				CLANG_WARN_NON_LITERAL_NULL_CONVERSION = YES;
				CLANG_WARN_OBJC_IMPLICIT_RETAIN_SELF = YES;
				CLANG_WARN_OBJC_LITERAL_CONVERSION = YES;
				CLANG_WARN_OBJC_ROOT_CLASS = YES_ERROR;
				CLANG_WARN_RANGE_LOOP_ANALYSIS = YES;
				CLANG_WARN_STRICT_PROTOTYPES = YES;
				CLANG_WARN_SUSPICIOUS_MOVE = YES;
				CLANG_WARN_UNGUARDED_AVAILABILITY = YES_AGGRESSIVE;
				CLANG_WARN_UNREACHABLE_CODE = YES;
				CLANG_WARN__DUPLICATE_METHOD_MATCH = YES;
				CODE_SIGN_IDENTITY = "iPhone Developer";
				COPY_PHASE_STRIP = NO;
				DEBUG_INFORMATION_FORMAT = dwarf;
				ENABLE_STRICT_OBJC_MSGSEND = YES;
				ENABLE_TESTABILITY = YES;
				GCC_C_LANGUAGE_STANDARD = gnu11;
				GCC_DYNAMIC_NO_PIC = NO;
				GCC_NO_COMMON_BLOCKS = YES;
				GCC_OPTIMIZATION_LEVEL = 0;
				GCC_PREPROCESSOR_DEFINITIONS = (
					"DEBUG=1",
					"$(inherited)",
				);
				GCC_WARN_64_TO_32_BIT_CONVERSION = YES;
				GCC_WARN_ABOUT_RETURN_TYPE = YES_ERROR;
				GCC_WARN_UNDECLARED_SELECTOR = YES;
				GCC_WARN_UNINITIALIZED_AUTOS = YES_AGGRESSIVE;
				GCC_WARN_UNUSED_FUNCTION = YES;
				GCC_WARN_UNUSED_VARIABLE = YES;
				IPHONEOS_DEPLOYMENT_TARGET = 12.2;
				MTL_ENABLE_DEBUG_INFO = INCLUDE_SOURCE;
				MTL_FAST_MATH = YES;
				ONLY_ACTIVE_ARCH = YES;
				SDKROOT = iphoneos;
				SWIFT_ACTIVE_COMPILATION_CONDITIONS = DEBUG;
				SWIFT_OPTIMIZATION_LEVEL = "-Onone";
			};
			name = Debug;
		};
		BB379D51249BAF58008A50BA /* Release */ = {
			isa = XCBuildConfiguration;
			buildSettings = {
				ALWAYS_SEARCH_USER_PATHS = NO;
				CLANG_ANALYZER_NONNULL = YES;
				CLANG_ANALYZER_NUMBER_OBJECT_CONVERSION = YES_AGGRESSIVE;
				CLANG_CXX_LANGUAGE_STANDARD = "gnu++14";
				CLANG_CXX_LIBRARY = "libc++";
				CLANG_ENABLE_MODULES = YES;
				CLANG_ENABLE_OBJC_ARC = YES;
				CLANG_ENABLE_OBJC_WEAK = YES;
				CLANG_WARN_BLOCK_CAPTURE_AUTORELEASING = YES;
				CLANG_WARN_BOOL_CONVERSION = YES;
				CLANG_WARN_COMMA = YES;
				CLANG_WARN_CONSTANT_CONVERSION = YES;
				CLANG_WARN_DEPRECATED_OBJC_IMPLEMENTATIONS = YES;
				CLANG_WARN_DIRECT_OBJC_ISA_USAGE = YES_ERROR;
				CLANG_WARN_DOCUMENTATION_COMMENTS = YES;
				CLANG_WARN_EMPTY_BODY = YES;
				CLANG_WARN_ENUM_CONVERSION = YES;
				CLANG_WARN_INFINITE_RECURSION = YES;
				CLANG_WARN_INT_CONVERSION = YES;
				CLANG_WARN_NON_LITERAL_NULL_CONVERSION = YES;
				CLANG_WARN_OBJC_IMPLICIT_RETAIN_SELF = YES;
				CLANG_WARN_OBJC_LITERAL_CONVERSION = YES;
				CLANG_WARN_OBJC_ROOT_CLASS = YES_ERROR;
				CLANG_WARN_RANGE_LOOP_ANALYSIS = YES;
				CLANG_WARN_STRICT_PROTOTYPES = YES;
				CLANG_WARN_SUSPICIOUS_MOVE = YES;
				CLANG_WARN_UNGUARDED_AVAILABILITY = YES_AGGRESSIVE;
				CLANG_WARN_UNREACHABLE_CODE = YES;
				CLANG_WARN__DUPLICATE_METHOD_MATCH = YES;
				CODE_SIGN_IDENTITY = "iPhone Developer";
				COPY_PHASE_STRIP = NO;
				DEBUG_INFORMATION_FORMAT = "dwarf-with-dsym";
				ENABLE_NS_ASSERTIONS = NO;
				ENABLE_STRICT_OBJC_MSGSEND = YES;
				GCC_C_LANGUAGE_STANDARD = gnu11;
				GCC_NO_COMMON_BLOCKS = YES;
				GCC_WARN_64_TO_32_BIT_CONVERSION = YES;
				GCC_WARN_ABOUT_RETURN_TYPE = YES_ERROR;
				GCC_WARN_UNDECLARED_SELECTOR = YES;
				GCC_WARN_UNINITIALIZED_AUTOS = YES_AGGRESSIVE;
				GCC_WARN_UNUSED_FUNCTION = YES;
				GCC_WARN_UNUSED_VARIABLE = YES;
				IPHONEOS_DEPLOYMENT_TARGET = 12.2;
				MTL_ENABLE_DEBUG_INFO = NO;
				MTL_FAST_MATH = YES;
				SDKROOT = iphoneos;
				SWIFT_COMPILATION_MODE = wholemodule;
				SWIFT_OPTIMIZATION_LEVEL = "-O";
				VALIDATE_PRODUCT = YES;
			};
			name = Release;
		};
		BB379D53249BAF58008A50BA /* Debug */ = {
			isa = XCBuildConfiguration;
			baseConfigurationReference = C2179D6EA85FE06EFE9CCCB6 /* Pods-CoreDataSwift.debug.xcconfig */;
			buildSettings = {
				ASSETCATALOG_COMPILER_APPICON_NAME = AppIcon;
				CODE_SIGN_STYLE = Automatic;
				DEVELOPMENT_TEAM = K2499D8WGX;
				GCC_PRECOMPILE_PREFIX_HEADER = NO;
				GCC_PREFIX_HEADER = "";
				INFOPLIST_FILE = CoreDataSwift/Info.plist;
				LD_RUNPATH_SEARCH_PATHS = (
					"$(inherited)",
					"@executable_path/Frameworks",
				);
				PRODUCT_BUNDLE_IDENTIFIER = josh.chen.CoreDataSwift;
				PRODUCT_NAME = "$(TARGET_NAME)";
				SWIFT_VERSION = 5.0;
				TARGETED_DEVICE_FAMILY = "1,2";
			};
			name = Debug;
		};
		BB379D54249BAF58008A50BA /* Release */ = {
			isa = XCBuildConfiguration;
			baseConfigurationReference = E5FC8093070A4946EC0F136F /* Pods-CoreDataSwift.release.xcconfig */;
			buildSettings = {
				ASSETCATALOG_COMPILER_APPICON_NAME = AppIcon;
				CODE_SIGN_STYLE = Automatic;
				DEVELOPMENT_TEAM = K2499D8WGX;
				GCC_PRECOMPILE_PREFIX_HEADER = NO;
				GCC_PREFIX_HEADER = "";
				INFOPLIST_FILE = CoreDataSwift/Info.plist;
				LD_RUNPATH_SEARCH_PATHS = (
					"$(inherited)",
					"@executable_path/Frameworks",
				);
				PRODUCT_BUNDLE_IDENTIFIER = josh.chen.CoreDataSwift;
				PRODUCT_NAME = "$(TARGET_NAME)";
				SWIFT_VERSION = 5.0;
				TARGETED_DEVICE_FAMILY = "1,2";
			};
			name = Release;
		};
/* End XCBuildConfiguration section */

/* Begin XCConfigurationList section */
		BB379D38249BAF57008A50BA /* Build configuration list for PBXProject "CoreDataSwift" */ = {
			isa = XCConfigurationList;
			buildConfigurations = (
				BB379D50249BAF58008A50BA /* Debug */,
				BB379D51249BAF58008A50BA /* Release */,
			);
			defaultConfigurationIsVisible = 0;
			defaultConfigurationName = Release;
		};
		BB379D52249BAF58008A50BA /* Build configuration list for PBXNativeTarget "CoreDataSwift" */ = {
			isa = XCConfigurationList;
			buildConfigurations = (
				BB379D53249BAF58008A50BA /* Debug */,
				BB379D54249BAF58008A50BA /* Release */,
			);
			defaultConfigurationIsVisible = 0;
			defaultConfigurationName = Release;
		};
/* End XCConfigurationList section */

/* Begin XCVersionGroup section */
		BB379D47249BAF57008A50BA /* CoreDataSwift.xcdatamodeld */ = {
			isa = XCVersionGroup;
			children = (
				BB379D48249BAF57008A50BA /* CoreDataSwift.xcdatamodel */,
			);
			currentVersion = BB379D48249BAF57008A50BA /* CoreDataSwift.xcdatamodel */;
			path = CoreDataSwift.xcdatamodeld;
			sourceTree = "<group>";
			versionGroupType = wrapper.xcdatamodel;
		};
/* End XCVersionGroup section */
	};
	rootObject = BB379D35249BAF57008A50BA /* Project object */;
}
